
Microsoft Visual Studio Solution File, Format Version 12.00
# Visual Studio Version 17
VisualStudioVersion = 17.14.36310.24
MinimumVisualStudioVersion = 10.0.40219.1
Project("{FAE04EC0-301F-11D3-BF4B-00C04F79EFBC}") = "Vocabulator", "Vocabulator\Vocabulator.csproj", "{1DF5E9C4-C6C8-4EDB-953A-002A6D14BF14}"
EndProject
Project("{FAE04EC0-301F-11D3-BF4B-00C04F79EFBC}") = "Vocabulator.Common", "Vocabulator.Common\Vocabulator.Common.csproj", "{EF551B71-E91B-45BE-B2F8-BC4EA8A4B38D}"
EndProject
Project("{FAE04EC0-301F-11D3-BF4B-00C04F79EFBC}") = "Vocabulator.OpenAi", "Vocabulator.OpenAi\Vocabulator.OpenAi.csproj", "{9910AA1A-4867-4D06-8A11-7C43E94AB242}"
EndProject
Project("{FAE04EC0-301F-11D3-BF4B-00C04F79EFBC}") = "Vocabulator.Domain.Services", "Vocabulator.Domain.Services\Vocabulator.Domain.Services.csproj", "{AB76ADB6-5E3D-48FB-BF46-388638900E46}"
EndProject
Project("{2150E333-8FDC-42A3-9474-1A3956D46DE8}") = "Infrastructure", "Infrastructure", "{02EA681E-C7D8-13C7-8484-4AC65E1B71E8}"
EndProject
Project("{2150E333-8FDC-42A3-9474-1A3956D46DE8}") = "Domain", "Domain", "{7FBFDF45-4A1B-4CA0-8656-A96A7BCA6A25}"
EndProject
Project("{FAE04EC0-301F-11D3-BF4B-00C04F79EFBC}") = "Vocabulator.Domain.Interface", "Vocabulator.Interface\Vocabulator.Domain.Interface.csproj", "{38F315A7-624E-4A1C-998E-8106C57B4FE2}"
EndProject
Project("{FAE04EC0-301F-11D3-BF4B-00C04F79EFBC}") = "Vocabulator.Infrastructure", "Vocabulator.Infrastructure\Vocabulator.Infrastructure.csproj", "{3E988FB2-3D11-45D9-825E-2092C35D80DE}"
EndProject
Project("{FAE04EC0-301F-11D3-BF4B-00C04F79EFBC}") = "Vocabulator.Tests", "Vocabulator.Tests\Vocabulator.Tests.csproj", "{D883756C-8B07-49D0-AAD2-CED36B54387F}"
EndProject
Global
	GlobalSection(SolutionConfigurationPlatforms) = preSolution
		Debug|Any CPU = Debug|Any CPU
		Debug|x64 = Debug|x64
		Debug|x86 = Debug|x86
		Release|Any CPU = Release|Any CPU
		Release|x64 = Release|x64
		Release|x86 = Release|x86
	EndGlobalSection
	GlobalSection(ProjectConfigurationPlatforms) = postSolution
		{1DF5E9C4-C6C8-4EDB-953A-002A6D14BF14}.Debug|Any CPU.ActiveCfg = Debug|Any CPU
		{1DF5E9C4-C6C8-4EDB-953A-002A6D14BF14}.Debug|Any CPU.Build.0 = Debug|Any CPU
		{1DF5E9C4-C6C8-4EDB-953A-002A6D14BF14}.Debug|x64.ActiveCfg = Debug|Any CPU
		{1DF5E9C4-C6C8-4EDB-953A-002A6D14BF14}.Debug|x64.Build.0 = Debug|Any CPU
		{1DF5E9C4-C6C8-4EDB-953A-002A6D14BF14}.Debug|x86.ActiveCfg = Debug|Any CPU
		{1DF5E9C4-C6C8-4EDB-953A-002A6D14BF14}.Debug|x86.Build.0 = Debug|Any CPU
		{1DF5E9C4-C6C8-4EDB-953A-002A6D14BF14}.Release|Any CPU.ActiveCfg = Release|Any CPU
		{1DF5E9C4-C6C8-4EDB-953A-002A6D14BF14}.Release|Any CPU.Build.0 = Release|Any CPU
		{1DF5E9C4-C6C8-4EDB-953A-002A6D14BF14}.Release|x64.ActiveCfg = Release|Any CPU
		{1DF5E9C4-C6C8-4EDB-953A-002A6D14BF14}.Release|x64.Build.0 = Release|Any CPU
		{1DF5E9C4-C6C8-4EDB-953A-002A6D14BF14}.Release|x86.ActiveCfg = Release|Any CPU
		{1DF5E9C4-C6C8-4EDB-953A-002A6D14BF14}.Release|x86.Build.0 = Release|Any CPU
		{EF551B71-E91B-45BE-B2F8-BC4EA8A4B38D}.Debug|Any CPU.ActiveCfg = Debug|Any CPU
		{EF551B71-E91B-45BE-B2F8-BC4EA8A4B38D}.Debug|Any CPU.Build.0 = Debug|Any CPU
		{EF551B71-E91B-45BE-B2F8-BC4EA8A4B38D}.Debug|x64.ActiveCfg = Debug|Any CPU
		{EF551B71-E91B-45BE-B2F8-BC4EA8A4B38D}.Debug|x64.Build.0 = Debug|Any CPU
		{EF551B71-E91B-45BE-B2F8-BC4EA8A4B38D}.Debug|x86.ActiveCfg = Debug|Any CPU
		{EF551B71-E91B-45BE-B2F8-BC4EA8A4B38D}.Debug|x86.Build.0 = Debug|Any CPU
		{EF551B71-E91B-45BE-B2F8-BC4EA8A4B38D}.Release|Any CPU.ActiveCfg = Release|Any CPU
		{EF551B71-E91B-45BE-B2F8-BC4EA8A4B38D}.Release|Any CPU.Build.0 = Release|Any CPU
		{EF551B71-E91B-45BE-B2F8-BC4EA8A4B38D}.Release|x64.ActiveCfg = Release|Any CPU
		{EF551B71-E91B-45BE-B2F8-BC4EA8A4B38D}.Release|x64.Build.0 = Release|Any CPU
		{EF551B71-E91B-45BE-B2F8-BC4EA8A4B38D}.Release|x86.ActiveCfg = Release|Any CPU
		{EF551B71-E91B-45BE-B2F8-BC4EA8A4B38D}.Release|x86.Build.0 = Release|Any CPU
		{9910AA1A-4867-4D06-8A11-7C43E94AB242}.Debug|Any CPU.ActiveCfg = Debug|Any CPU
		{9910AA1A-4867-4D06-8A11-7C43E94AB242}.Debug|Any CPU.Build.0 = Debug|Any CPU
		{9910AA1A-4867-4D06-8A11-7C43E94AB242}.Debug|x64.ActiveCfg = Debug|Any CPU
		{9910AA1A-4867-4D06-8A11-7C43E94AB242}.Debug|x64.Build.0 = Debug|Any CPU
		{9910AA1A-4867-4D06-8A11-7C43E94AB242}.Debug|x86.ActiveCfg = Debug|Any CPU
		{9910AA1A-4867-4D06-8A11-7C43E94AB242}.Debug|x86.Build.0 = Debug|Any CPU
		{9910AA1A-4867-4D06-8A11-7C43E94AB242}.Release|Any CPU.ActiveCfg = Release|Any CPU
		{9910AA1A-4867-4D06-8A11-7C43E94AB242}.Release|Any CPU.Build.0 = Release|Any CPU
		{9910AA1A-4867-4D06-8A11-7C43E94AB242}.Release|x64.ActiveCfg = Release|Any CPU
		{9910AA1A-4867-4D06-8A11-7C43E94AB242}.Release|x64.Build.0 = Release|Any CPU
		{9910AA1A-4867-4D06-8A11-7C43E94AB242}.Release|x86.ActiveCfg = Release|Any CPU
		{9910AA1A-4867-4D06-8A11-7C43E94AB242}.Release|x86.Build.0 = Release|Any CPU
		{AB76ADB6-5E3D-48FB-BF46-388638900E46}.Debug|Any CPU.ActiveCfg = Debug|Any CPU
		{AB76ADB6-5E3D-48FB-BF46-388638900E46}.Debug|Any CPU.Build.0 = Debug|Any CPU
		{AB76ADB6-5E3D-48FB-BF46-388638900E46}.Debug|x64.ActiveCfg = Debug|Any CPU
		{AB76ADB6-5E3D-48FB-BF46-388638900E46}.Debug|x64.Build.0 = Debug|Any CPU
		{AB76ADB6-5E3D-48FB-BF46-388638900E46}.Debug|x86.ActiveCfg = Debug|Any CPU
		{AB76ADB6-5E3D-48FB-BF46-388638900E46}.Debug|x86.Build.0 = Debug|Any CPU
		{AB76ADB6-5E3D-48FB-BF46-388638900E46}.Release|Any CPU.ActiveCfg = Release|Any CPU
		{AB76ADB6-5E3D-48FB-BF46-388638900E46}.Release|Any CPU.Build.0 = Release|Any CPU
		{AB76ADB6-5E3D-48FB-BF46-388638900E46}.Release|x64.ActiveCfg = Release|Any CPU
		{AB76ADB6-5E3D-48FB-BF46-388638900E46}.Release|x64.Build.0 = Release|Any CPU
		{AB76ADB6-5E3D-48FB-BF46-388638900E46}.Release|x86.ActiveCfg = Release|Any CPU
		{AB76ADB6-5E3D-48FB-BF46-388638900E46}.Release|x86.Build.0 = Release|Any CPU
		{38F315A7-624E-4A1C-998E-8106C57B4FE2}.Debug|Any CPU.ActiveCfg = Debug|Any CPU
		{38F315A7-624E-4A1C-998E-8106C57B4FE2}.Debug|Any CPU.Build.0 = Debug|Any CPU
		{38F315A7-624E-4A1C-998E-8106C57B4FE2}.Debug|x64.ActiveCfg = Debug|Any CPU
		{38F315A7-624E-4A1C-998E-8106C57B4FE2}.Debug|x64.Build.0 = Debug|Any CPU
		{38F315A7-624E-4A1C-998E-8106C57B4FE2}.Debug|x86.ActiveCfg = Debug|Any CPU
		{38F315A7-624E-4A1C-998E-8106C57B4FE2}.Debug|x86.Build.0 = Debug|Any CPU
		{38F315A7-624E-4A1C-998E-8106C57B4FE2}.Release|Any CPU.ActiveCfg = Release|Any CPU
		{38F315A7-624E-4A1C-998E-8106C57B4FE2}.Release|Any CPU.Build.0 = Release|Any CPU
		{38F315A7-624E-4A1C-998E-8106C57B4FE2}.Release|x64.ActiveCfg = Release|Any CPU
		{38F315A7-624E-4A1C-998E-8106C57B4FE2}.Release|x64.Build.0 = Release|Any CPU
		{38F315A7-624E-4A1C-998E-8106C57B4FE2}.Release|x86.ActiveCfg = Release|Any CPU
		{38F315A7-624E-4A1C-998E-8106C57B4FE2}.Release|x86.Build.0 = Release|Any CPU
		{3E988FB2-3D11-45D9-825E-2092C35D80DE}.Debug|Any CPU.ActiveCfg = Debug|Any CPU
		{3E988FB2-3D11-45D9-825E-2092C35D80DE}.Debug|Any CPU.Build.0 = Debug|Any CPU
		{3E988FB2-3D11-45D9-825E-2092C35D80DE}.Debug|x64.ActiveCfg = Debug|Any CPU
		{3E988FB2-3D11-45D9-825E-2092C35D80DE}.Debug|x64.Build.0 = Debug|Any CPU
		{3E988FB2-3D11-45D9-825E-2092C35D80DE}.Debug|x86.ActiveCfg = Debug|Any CPU
		{3E988FB2-3D11-45D9-825E-2092C35D80DE}.Debug|x86.Build.0 = Debug|Any CPU
		{3E988FB2-3D11-45D9-825E-2092C35D80DE}.Release|Any CPU.ActiveCfg = Release|Any CPU
		{3E988FB2-3D11-45D9-825E-2092C35D80DE}.Release|Any CPU.Build.0 = Release|Any CPU
		{3E988FB2-3D11-45D9-825E-2092C35D80DE}.Release|x64.ActiveCfg = Release|Any CPU
		{3E988FB2-3D11-45D9-825E-2092C35D80DE}.Release|x64.Build.0 = Release|Any CPU
		{3E988FB2-3D11-45D9-825E-2092C35D80DE}.Release|x86.ActiveCfg = Release|Any CPU
		{3E988FB2-3D11-45D9-825E-2092C35D80DE}.Release|x86.Build.0 = Release|Any CPU
		{D883756C-8B07-49D0-AAD2-CED36B54387F}.Debug|Any CPU.ActiveCfg = Debug|Any CPU
		{D883756C-8B07-49D0-AAD2-CED36B54387F}.Debug|Any CPU.Build.0 = Debug|Any CPU
		{D883756C-8B07-49D0-AAD2-CED36B54387F}.Debug|x64.ActiveCfg = Debug|Any CPU
		{D883756C-8B07-49D0-AAD2-CED36B54387F}.Debug|x64.Build.0 = Debug|Any CPU
		{D883756C-8B07-49D0-AAD2-CED36B54387F}.Debug|x86.ActiveCfg = Debug|Any CPU
		{D883756C-8B07-49D0-AAD2-CED36B54387F}.Debug|x86.Build.0 = Debug|Any CPU
		{D883756C-8B07-49D0-AAD2-CED36B54387F}.Release|Any CPU.ActiveCfg = Release|Any CPU
		{D883756C-8B07-49D0-AAD2-CED36B54387F}.Release|Any CPU.Build.0 = Release|Any CPU
		{D883756C-8B07-49D0-AAD2-CED36B54387F}.Release|x64.ActiveCfg = Release|Any CPU
		{D883756C-8B07-49D0-AAD2-CED36B54387F}.Release|x64.Build.0 = Release|Any CPU
		{D883756C-8B07-49D0-AAD2-CED36B54387F}.Release|x86.ActiveCfg = Release|Any CPU
		{D883756C-8B07-49D0-AAD2-CED36B54387F}.Release|x86.Build.0 = Release|Any CPU
	EndGlobalSection
	GlobalSection(SolutionProperties) = preSolution
		HideSolutionNode = FALSE
	EndGlobalSection
	GlobalSection(NestedProjects) = preSolution
		{EF551B71-E91B-45BE-B2F8-BC4EA8A4B38D} = {7FBFDF45-4A1B-4CA0-8656-A96A7BCA6A25}
		{9910AA1A-4867-4D06-8A11-7C43E94AB242} = {02EA681E-C7D8-13C7-8484-4AC65E1B71E8}
		{AB76ADB6-5E3D-48FB-BF46-388638900E46} = {7FBFDF45-4A1B-4CA0-8656-A96A7BCA6A25}
		{38F315A7-624E-4A1C-998E-8106C57B4FE2} = {7FBFDF45-4A1B-4CA0-8656-A96A7BCA6A25}
		{3E988FB2-3D11-45D9-825E-2092C35D80DE} = {02EA681E-C7D8-13C7-8484-4AC65E1B71E8}
	EndGlobalSection
	GlobalSection(ExtensibilityGlobals) = postSolution
		SolutionGuid = {64A0340E-BE7F-4A0D-A589-15E423E1951A}
	EndGlobalSection
EndGlobal
